# THIS IS AN AUTOGENERATED FILE. DO NOT EDIT THIS FILE DIRECTLY.
# yarn lockfile v1


bindings@^1.1.0:
  version "1.3.0"
  resolved "https://registry.yarnpkg.com/bindings/-/bindings-1.3.0.tgz#b346f6ecf6a95f5a815c5839fc7cdb22502f1ed7"

buffertools@^2.1.2:
  version "2.1.6"
  resolved "https://registry.yarnpkg.com/buffertools/-/buffertools-2.1.6.tgz#30c19b085636b88df692aeefeea0ff156780e916"

hexify@^1.0.1:
  version "1.0.1"
  resolved "https://registry.yarnpkg.com/hexify/-/hexify-1.0.1.tgz#543ce171628769c21138092764ad8d904b69f2e1"

nan@^2.2.1:
  version "2.10.0"
  resolved "https://registry.yarnpkg.com/nan/-/nan-2.10.0.tgz#96d0cd610ebd58d4b4de9cc0c6828cda99c7548f"

pcsclite@^0.5.0:
  version "0.5.0"
  resolved "https://registry.yarnpkg.com/pcsclite/-/pcsclite-0.5.0.tgz#3bff94b8a84031735d0bf2cdb50b6f17c5a83e24"
  dependencies:
    bindings "^1.1.0"
    buffertools "^2.1.2"
    nan "^2.2.1"

smartcard@1.0.22:
  version "1.0.22"
  resolved "https://registry.yarnpkg.com/smartcard/-/smartcard-1.0.22.tgz#277b7255b6acf7b47c097457a614a1ad664113a8"
  dependencies:
    hexify "^1.0.1"
    pcsclite "^0.5.0"

utf8@^3.0.0:
  version "3.0.0"
  resolved "https://registry.yarnpkg.com/utf8/-/utf8-3.0.0.tgz#f052eed1364d696e769ef058b183df88c87f69d1"
